Microsoft Visual Studio Solution File, Format Version 12.00
# Visual Studio Version 17
VisualStudioVersion = 17.5.2.0
MinimumVisualStudioVersion = 10.0.40219.1
Project("{FAE04EC0-301F-11D3-BF4B-00C04F79EFBC}") = "BackendApi", "BackendApi\BackendApi.csproj", "{494E2E43-757D-2D5F-1B51-BF2742664A95}"
EndProject
Project("{FAE04EC0-301F-11D3-BF4B-00C04F79EFBC}") = "ApiTest", "ApiTest\ApiTest.csproj", "{A7B7332D-4E2D-42FB-854C-0F9C587FD057}"
EndProject
Global
	GlobalSection(SolutionConfigurationPlatforms) = preSolution
		Debug|Any CPU = Debug|Any CPU
		Release|Any CPU = Release|Any CPU
	EndGlobalSection
	GlobalSection(ProjectConfigurationPlatforms) = postSolution
		{494E2E43-757D-2D5F-1B51-BF2742664A95}.Debug|Any CPU.ActiveCfg = Debug|Any CPU
		{494E2E43-757D-2D5F-1B51-BF2742664A95}.Debug|Any CPU.Build.0 = Debug|Any CPU
		{494E2E43-757D-2D5F-1B51-BF2742664A95}.Release|Any CPU.ActiveCfg = Release|Any CPU
		{494E2E43-757D-2D5F-1B51-BF2742664A95}.Release|Any CPU.Build.0 = Release|Any CPU
		{A7B7332D-4E2D-42FB-854C-0F9C587FD057}.Debug|Any CPU.ActiveCfg = Debug|Any CPU
		{A7B7332D-4E2D-42FB-854C-0F9C587FD057}.Debug|Any CPU.Build.0 = Debug|Any CPU
		{A7B7332D-4E2D-42FB-854C-0F9C587FD057}.Release|Any CPU.ActiveCfg = Release|Any CPU
		{A7B7332D-4E2D-42FB-854C-0F9C587FD057}.Release|Any CPU.Build.0 = Release|Any CPU
	EndGlobalSection
	GlobalSection(SolutionProperties) = preSolution
		HideSolutionNode = FALSE
	EndGlobalSection
	GlobalSection(ExtensibilityGlobals) = postSolution
		SolutionGuid = {9F50AB7A-2989-4F6A-AF0D-262DE9ED8320}
	EndGlobalSection
EndGlobal
